
Microsoft Visual Studio Solution File, Format Version 12.00
# Visual Studio Version 16
VisualStudioVersion = 16.0.31005.135
MinimumVisualStudioVersion = 10.0.40219.1
Project("{9A19103F-16F7-4668-BE54-9A1E7A4F7556}") = "BSU.Map.WebApi", "BSU.Map.WebApi\BSU.Map.WebApi.csproj", "{A269AFE6-A7AB-4546-A562-23AC53D70972}"
EndProject
Project("{9A19103F-16F7-4668-BE54-9A1E7A4F7556}") = "BSU.Map.DAL", "BSU.Map.DAL\BSU.Map.DAL.csproj", "{C4E44298-0894-4A61-A23D-FE75C5F7CBCB}"
EndProject
Project("{FAE04EC0-301F-11D3-BF4B-00C04F79EFBC}") = "BSU.Map.BLL", "BSU.Map.BLL\BSU.Map.BLL.csproj", "{9B02853F-CC87-4E7B-8031-CE52024A546D}"
EndProject
Global
	GlobalSection(SolutionConfigurationPlatforms) = preSolution
		Debug|Any CPU = Debug|Any CPU
		Release|Any CPU = Release|Any CPU
	EndGlobalSection
	GlobalSection(ProjectConfigurationPlatforms) = postSolution
		{A269AFE6-A7AB-4546-A562-23AC53D70972}.Debug|Any CPU.ActiveCfg = Debug|Any CPU
		{A269AFE6-A7AB-4546-A562-23AC53D70972}.Debug|Any CPU.Build.0 = Debug|Any CPU
		{A269AFE6-A7AB-4546-A562-23AC53D70972}.Release|Any CPU.ActiveCfg = Release|Any CPU
		{A269AFE6-A7AB-4546-A562-23AC53D70972}.Release|Any CPU.Build.0 = Release|Any CPU
		{C4E44298-0894-4A61-A23D-FE75C5F7CBCB}.Debug|Any CPU.ActiveCfg = Debug|Any CPU
		{C4E44298-0894-4A61-A23D-FE75C5F7CBCB}.Debug|Any CPU.Build.0 = Debug|Any CPU
		{C4E44298-0894-4A61-A23D-FE75C5F7CBCB}.Release|Any CPU.ActiveCfg = Release|Any CPU
		{C4E44298-0894-4A61-A23D-FE75C5F7CBCB}.Release|Any CPU.Build.0 = Release|Any CPU
		{9B02853F-CC87-4E7B-8031-CE52024A546D}.Debug|Any CPU.ActiveCfg = Debug|Any CPU
		{9B02853F-CC87-4E7B-8031-CE52024A546D}.Debug|Any CPU.Build.0 = Debug|Any CPU
		{9B02853F-CC87-4E7B-8031-CE52024A546D}.Release|Any CPU.ActiveCfg = Release|Any CPU
		{9B02853F-CC87-4E7B-8031-CE52024A546D}.Release|Any CPU.Build.0 = Release|Any CPU
	EndGlobalSection
	GlobalSection(SolutionProperties) = preSolution
		HideSolutionNode = FALSE
	EndGlobalSection
	GlobalSection(ExtensibilityGlobals) = postSolution
		SolutionGuid = {D71A2697-647A-49F5-9BE6-05367F300477}
	EndGlobalSection
EndGlobal
